
Microsoft Visual Studio Solution File, Format Version 12.00
# Visual Studio Version 17
VisualStudioVersion = 17.0.31903.59
MinimumVisualStudioVersion = 10.0.40219.1
Project("{FAE04EC0-301F-11D3-BF4B-00C04F79EFBC}") = "Core", "Core\Core.csproj", "{D13B05E8-9F03-4127-ABDC-DC39C388E33A}"
EndProject
Project("{FAE04EC0-301F-11D3-BF4B-00C04F79EFBC}") = "Infrastructure", "Infrastructure\Infrastructure.csproj", "{8D57B04E-1DF5-430B-A844-00776DE4CF41}"
EndProject
Project("{FAE04EC0-301F-11D3-BF4B-00C04F79EFBC}") = "API", "API\API.csproj", "{152A55CE-3235-49FF-8C14-5AD9E263EED6}"
EndProject
Global
	GlobalSection(SolutionConfigurationPlatforms) = preSolution
		Debug|Any CPU = Debug|Any CPU
		Release|Any CPU = Release|Any CPU
	EndGlobalSection
	GlobalSection(SolutionProperties) = preSolution
		HideSolutionNode = FALSE
	EndGlobalSection
	GlobalSection(ProjectConfigurationPlatforms) = postSolution
		{D13B05E8-9F03-4127-ABDC-DC39C388E33A}.Debug|Any CPU.ActiveCfg = Debug|Any CPU
		{D13B05E8-9F03-4127-ABDC-DC39C388E33A}.Debug|Any CPU.Build.0 = Debug|Any CPU
		{D13B05E8-9F03-4127-ABDC-DC39C388E33A}.Release|Any CPU.ActiveCfg = Release|Any CPU
		{D13B05E8-9F03-4127-ABDC-DC39C388E33A}.Release|Any CPU.Build.0 = Release|Any CPU
		{8D57B04E-1DF5-430B-A844-00776DE4CF41}.Debug|Any CPU.ActiveCfg = Debug|Any CPU
		{8D57B04E-1DF5-430B-A844-00776DE4CF41}.Debug|Any CPU.Build.0 = Debug|Any CPU
		{8D57B04E-1DF5-430B-A844-00776DE4CF41}.Release|Any CPU.ActiveCfg = Release|Any CPU
		{8D57B04E-1DF5-430B-A844-00776DE4CF41}.Release|Any CPU.Build.0 = Release|Any CPU
		{152A55CE-3235-49FF-8C14-5AD9E263EED6}.Debug|Any CPU.ActiveCfg = Debug|Any CPU
		{152A55CE-3235-49FF-8C14-5AD9E263EED6}.Debug|Any CPU.Build.0 = Debug|Any CPU
		{152A55CE-3235-49FF-8C14-5AD9E263EED6}.Release|Any CPU.ActiveCfg = Release|Any CPU
		{152A55CE-3235-49FF-8C14-5AD9E263EED6}.Release|Any CPU.Build.0 = Release|Any CPU
	EndGlobalSection
EndGlobal
